# THIS IS AN AUTOGENERATED FILE. DO NOT EDIT THIS FILE DIRECTLY.
# yarn lockfile v1


three@^0.140.2:
  version "0.140.2"
  resolved "https://registry.yarnpkg.com/three/-/three-0.140.2.tgz#ca0b7390d1ce4f7f2850e80afd00ef48fc244491"
  integrity sha512-DdT/AHm/TbZXEhQKQpGt5/iSgBrmXpjU26FNtj1KhllVPTKj1eG4X/ShyD5W2fngE+I1s1wa4ttC4C3oCJt7Ag==
